# This file was autogenerated by Stack.
# You should not edit this file by hand.
# For more information, please see the documentation at:
#   https://docs.haskellstack.org/en/stable/lock_files

packages:
- completed:
    name: web3
    version: 0.8.3.2
    git: https://github.com/charlescrain/hs-web3
    pantry-tree:
      size: 7924
      sha256: 9f3a6d5c8d1ae055e2310cfae1145fa6e4d01b1b25f3da30d0e3e66f4dea5d6d
    commit: 6f491d9e40db57743330017746f934839eb68ab2
  original:
    git: https://github.com/charlescrain/hs-web3
    commit: 6f491d9e40db57743330017746f934839eb68ab2
snapshots:
- completed:
    size: 524127
    url: https://raw.githubusercontent.com/commercialhaskell/stackage-snapshots/master/lts/14/6.yaml
    sha256: dc70dfb45e2c32f54719819bd055f46855dd4b3bd2e58b9f3f38729a2d553fbb
  original: lts-14.6
