# This file was autogenerated by Stack.
# You should not edit this file by hand.
# For more information, please see the documentation at:
#   https://docs.haskellstack.org/en/stable/lock_files

packages:
- completed:
    name: web3
    version: 0.8.3.2
    git: https://github.com/Pixura/hs-web3
    pantry-tree:
      size: 7979
      sha256: df9f31cdfd98dd922c28f975b766c3eaf7d8bbcc8f3e0a4919deeaa69c6810e1
    commit: 175ca55de9be31054a8246d8c5ed8d7ce7813d83
  original:
    git: https://github.com/Pixura/hs-web3
    commit: 175ca55de9be31054a8246d8c5ed8d7ce7813d83
snapshots:
- completed:
    sha256: 83cd17c52003e19611bd84c678f78fb0d98828ab8bc300a0b53ff2ae4f894ac5
    size: 617444
    url: https://raw.githubusercontent.com/commercialhaskell/stackage-snapshots/master/nightly/2022/7/28.yaml
  original:
    url: https://raw.githubusercontent.com/commercialhaskell/stackage-snapshots/master/nightly/2022/7/28.yaml
