# This file was autogenerated by Stack.
# You should not edit this file by hand.
# For more information, please see the documentation at:
#   https://docs.haskellstack.org/en/stable/lock_files

packages:
- completed:
    cabal-file:
      size: 13696
      sha256: 973fcce316c01828144d9899204d371255ef01bbc325d55709bebcd750dbc33b
    name: web3
    version: 0.8.3.2
    git: https://github.com/charlescrain/hs-web3
    pantry-tree:
      size: 7694
      sha256: d3882b8c263672c2dd7adcdae4d802355319d9b2289c4ea13f3df7cd1f1f3438
    commit: e1af714c364fbbb79a80ef979f8b6d4cdf27c359
  original:
    git: https://github.com/charlescrain/hs-web3
    commit: e1af714c364fbbb79a80ef979f8b6d4cdf27c359
snapshots:
- completed:
    size: 524127
    url: https://raw.githubusercontent.com/commercialhaskell/stackage-snapshots/master/lts/14/6.yaml
    sha256: dc70dfb45e2c32f54719819bd055f46855dd4b3bd2e58b9f3f38729a2d553fbb
  original: lts-14.6
